
Microsoft Visual Studio Solution File, Format Version 12.00
# Visual Studio Version 17
VisualStudioVersion = 17.9.34607.119
MinimumVisualStudioVersion = 10.0.40219.1
Project("{9A19103F-16F7-4668-BE54-9A1E7A4F7556}") = "6_crypto_4_client", "6_crypto_4_client\6_crypto_4_client.csproj", "{F0BDCAE9-1B6D-47DF-8CF4-8D980ACCB560}"
EndProject
Project("{54435603-DBB4-11D2-8724-00A0C9A8B90C}") = "ClientSetup", "ClientSetup\ClientSetup.vdproj", "{E8409C55-260E-4747-A30D-DB995D36E7BA}"
EndProject
Global
	GlobalSection(SolutionConfigurationPlatforms) = preSolution
		Debug|Any CPU = Debug|Any CPU
		Release|Any CPU = Release|Any CPU
	EndGlobalSection
	GlobalSection(ProjectConfigurationPlatforms) = postSolution
		{F0BDCAE9-1B6D-47DF-8CF4-8D980ACCB560}.Debug|Any CPU.ActiveCfg = Debug|Any CPU
		{F0BDCAE9-1B6D-47DF-8CF4-8D980ACCB560}.Debug|Any CPU.Build.0 = Debug|Any CPU
		{F0BDCAE9-1B6D-47DF-8CF4-8D980ACCB560}.Release|Any CPU.ActiveCfg = Release|Any CPU
		{F0BDCAE9-1B6D-47DF-8CF4-8D980ACCB560}.Release|Any CPU.Build.0 = Release|Any CPU
		{E8409C55-260E-4747-A30D-DB995D36E7BA}.Debug|Any CPU.ActiveCfg = Debug
		{E8409C55-260E-4747-A30D-DB995D36E7BA}.Release|Any CPU.ActiveCfg = Release
	EndGlobalSection
	GlobalSection(SolutionProperties) = preSolution
		HideSolutionNode = FALSE
	EndGlobalSection
	GlobalSection(ExtensibilityGlobals) = postSolution
		SolutionGuid = {13551E09-04EC-4769-989C-02CD2984DB88}
	EndGlobalSection
EndGlobal
